
Microsoft Visual Studio Solution File, Format Version 12.00
# Visual Studio 15
VisualStudioVersion = 15.0.28010.2048
MinimumVisualStudioVersion = 10.0.40219.1
Project("{FAE04EC0-301F-11D3-BF4B-00C04F79EFBC}") = "AssetNorm", "AssetNorm\AssetNorm.csproj", "{331C81B5-DD1A-45BB-8275-71869011CE39}"
EndProject
Global
	GlobalSection(SolutionConfigurationPlatforms) = preSolution
		Debug|Any CPU = Debug|Any CPU
		Release|Any CPU = Release|Any CPU
	EndGlobalSection
	GlobalSection(ProjectConfigurationPlatforms) = postSolution
		{331C81B5-DD1A-45BB-8275-71869011CE39}.Debug|Any CPU.ActiveCfg = Debug|Any CPU
		{331C81B5-DD1A-45BB-8275-71869011CE39}.Debug|Any CPU.Build.0 = Debug|Any CPU
		{331C81B5-DD1A-45BB-8275-71869011CE39}.Release|Any CPU.ActiveCfg = Release|Any CPU
		{331C81B5-DD1A-45BB-8275-71869011CE39}.Release|Any CPU.Build.0 = Release|Any CPU
	EndGlobalSection
	GlobalSection(SolutionProperties) = preSolution
		HideSolutionNode = FALSE
	EndGlobalSection
	GlobalSection(ExtensibilityGlobals) = postSolution
		SolutionGuid = {6CE6DE8C-1EF7-4FC9-AFD5-C320DC357892}
	EndGlobalSection
EndGlobal
